// !$*UTF8*$!
{
	archiveVersion = 1;
	classes = {
	};
	objectVersion = 46;
	objects = {

/* Begin PBXFileReference section */
		87D4100F1C4CA0A700D74E96 /* agent */ = {isa = PBXFileReference; lastKnownFileType = folder; path = agent; sourceTree = "<group>"; };
		87D410101C4CA0A700D74E96 /* debug.sh */ = {isa = PBXFileReference; lastKnownFileType = text.script.sh; path = debug.sh; sourceTree = "<group>"; };
		87D410111C4CA0A700D74E96 /* generate-sample-db.js */ = {isa = PBXFileReference; lastKnownFileType = sourcecode.javascript; path = "generate-sample-db.js"; sourceTree = "<group>"; };
		87D410121C4CA0A700D74E96 /* pigfarm */ = {isa = PBXFileReference; lastKnownFileType = folder; path = pigfarm; sourceTree = "<group>"; };
		87D410131C4CA0A700D74E96 /* README.md */ = {isa = PBXFileReference; lastKnownFileType = net.daringfireball.markdown; path = README.md; sourceTree = "<group>"; };
		87D410141C4CA0A800D74E96 /* run.sh */ = {isa = PBXFileReference; lastKnownFileType = text.script.sh; path = run.sh; sourceTree = "<group>"; };
		87D410151C4CA0A800D74E96 /* start.sh */ = {isa = PBXFileReference; lastKnownFileType = text.script.sh; path = start.sh; sourceTree = "<group>"; };
		87D410161C4CA0A800D74E96 /* stop.sh */ = {isa = PBXFileReference; lastKnownFileType = text.script.sh; path = stop.sh; sourceTree = "<group>"; };
		87D410171C4CA0A800D74E96 /* upload.sh */ = {isa = PBXFileReference; lastKnownFileType = text.script.sh; path = upload.sh; sourceTree = "<group>"; };
/* End PBXFileReference section */

/* Begin PBXGroup section */
		87D410081C4CA09100D74E96 = {
			isa = PBXGroup;
			children = (
				87D4100F1C4CA0A700D74E96 /* agent */,
				87D410101C4CA0A700D74E96 /* debug.sh */,
				87D410111C4CA0A700D74E96 /* generate-sample-db.js */,
				87D410121C4CA0A700D74E96 /* pigfarm */,
				87D410131C4CA0A700D74E96 /* README.md */,
				87D410141C4CA0A800D74E96 /* run.sh */,
				87D410151C4CA0A800D74E96 /* start.sh */,
				87D410161C4CA0A800D74E96 /* stop.sh */,
				87D410171C4CA0A800D74E96 /* upload.sh */,
			);
			sourceTree = "<group>";
		};
/* End PBXGroup section */

/* Begin PBXProject section */
		87D410091C4CA09100D74E96 /* Project object */ = {
			isa = PBXProject;
			attributes = {
				LastUpgradeCheck = 0700;
			};
			buildConfigurationList = 87D4100C1C4CA09100D74E96 /* Build configuration list for PBXProject "pigfarm" */;
			compatibilityVersion = "Xcode 3.2";
			developmentRegion = English;
			hasScannedForEncodings = 0;
			knownRegions = (
				en,
			);
			mainGroup = 87D410081C4CA09100D74E96;
			projectDirPath = "";
			projectRoot = "";
			targets = (
			);
		};
/* End PBXProject section */

/* Begin XCBuildConfiguration section */
		87D4100D1C4CA09100D74E96 /* Debug */ = {
			isa = XCBuildConfiguration;
			buildSettings = {
			};
			name = Debug;
		};
		87D4100E1C4CA09100D74E96 /* Release */ = {
			isa = XCBuildConfiguration;
			buildSettings = {
			};
			name = Release;
		};
/* End XCBuildConfiguration section */

/* Begin XCConfigurationList section */
		87D4100C1C4CA09100D74E96 /* Build configuration list for PBXProject "pigfarm" */ = {
			isa = XCConfigurationList;
			buildConfigurations = (
				87D4100D1C4CA09100D74E96 /* Debug */,
				87D4100E1C4CA09100D74E96 /* Release */,
			);
			defaultConfigurationIsVisible = 0;
			defaultConfigurationName = Release;
		};
/* End XCConfigurationList section */
	};
	rootObject = 87D410091C4CA09100D74E96 /* Project object */;
}
